
Microsoft Visual Studio Solution File, Format Version 12.00
# Visual Studio Version 16
VisualStudioVersion = 16.0.32510.428
MinimumVisualStudioVersion = 10.0.40219.1
Project("{FAE04EC0-301F-11D3-BF4B-00C04F79EFBC}") = "Bitnine_Palindrome", "Bitnine_Palindrome.csproj", "{76429444-8B9C-4EA7-BC16-C610921DBA4E}"
EndProject
Global
	GlobalSection(SolutionConfigurationPlatforms) = preSolution
		Debug|Any CPU = Debug|Any CPU
		Release|Any CPU = Release|Any CPU
	EndGlobalSection
	GlobalSection(ProjectConfigurationPlatforms) = postSolution
		{76429444-8B9C-4EA7-BC16-C610921DBA4E}.Debug|Any CPU.ActiveCfg = Debug|Any CPU
		{76429444-8B9C-4EA7-BC16-C610921DBA4E}.Debug|Any CPU.Build.0 = Debug|Any CPU
		{76429444-8B9C-4EA7-BC16-C610921DBA4E}.Release|Any CPU.ActiveCfg = Release|Any CPU
		{76429444-8B9C-4EA7-BC16-C610921DBA4E}.Release|Any CPU.Build.0 = Release|Any CPU
	EndGlobalSection
	GlobalSection(SolutionProperties) = preSolution
		HideSolutionNode = FALSE
	EndGlobalSection
	GlobalSection(ExtensibilityGlobals) = postSolution
		SolutionGuid = {10636D57-5D7E-4885-A287-E95276E11BFA}
	EndGlobalSection
EndGlobal
